
Microsoft Visual Studio Solution File, Format Version 12.00
# Visual Studio Version 17
VisualStudioVersion = 17.2.32505.173
MinimumVisualStudioVersion = 10.0.40219.1
Project("{9A19103F-16F7-4668-BE54-9A1E7A4F7556}") = "Aula1", "csharpoo\Aula1.csproj", "{34397878-E8A6-47E3-B699-A7A6F8B5713D}"
EndProject
Project("{9A19103F-16F7-4668-BE54-9A1E7A4F7556}") = "Ex01", "Ex01\Ex01.csproj", "{45FD4A2B-2420-4616-AE24-8961029E9A3B}"
EndProject
Project("{9A19103F-16F7-4668-BE54-9A1E7A4F7556}") = "Ex02", "Ex02\Ex02.csproj", "{1363B04B-D593-4F1F-B25F-556E7AFCBF37}"
EndProject
Project("{9A19103F-16F7-4668-BE54-9A1E7A4F7556}") = "Aula2", "Aula2\Aula2.csproj", "{AE2A6285-285D-4580-8977-4083ADA77AE0}"
EndProject
Project("{9A19103F-16F7-4668-BE54-9A1E7A4F7556}") = "Aula3", "Aula3\Aula3.csproj", "{CE2118CD-FD8E-4D64-A13C-312D85997BAB}"
EndProject
Project("{9A19103F-16F7-4668-BE54-9A1E7A4F7556}") = "Ex03", "Ex03\Ex03.csproj", "{7A74B879-FCA5-4A0D-9AEF-7BA5510AA3BC}"
EndProject
Project("{9A19103F-16F7-4668-BE54-9A1E7A4F7556}") = "Ex04", "Ex04\Ex04.csproj", "{9E823DDB-7989-41B5-B95C-C1F0EEC1AA1E}"
EndProject
Project("{9A19103F-16F7-4668-BE54-9A1E7A4F7556}") = "Ex05", "Ex05\Ex05.csproj", "{BEDFCE8E-4D90-4845-B7D8-9FE3C6D09CE1}"
EndProject
Project("{9A19103F-16F7-4668-BE54-9A1E7A4F7556}") = "Aula4", "Aula4\Aula4.csproj", "{7332ECC5-F37C-4DDA-969E-2914AD9664BE}"
EndProject
Project("{9A19103F-16F7-4668-BE54-9A1E7A4F7556}") = "Ex06", "Ex06\Ex06.csproj", "{12A64C2F-791D-46F2-92D7-998EFCD9475C}"
EndProject
Project("{9A19103F-16F7-4668-BE54-9A1E7A4F7556}") = "Aula5", "Aula5\Aula5.csproj", "{282587AF-9D9C-46F4-BE37-9793ADB5AFF9}"
EndProject
Project("{9A19103F-16F7-4668-BE54-9A1E7A4F7556}") = "Aula6", "Aula6\Aula6.csproj", "{63340240-9548-4A83-A1DF-4929EDD47B49}"
EndProject
Project("{9A19103F-16F7-4668-BE54-9A1E7A4F7556}") = "Ex07", "Ex07\Ex07.csproj", "{194F489F-D182-410B-A62A-52914D5BACBA}"
EndProject
Project("{9A19103F-16F7-4668-BE54-9A1E7A4F7556}") = "Aula7", "Aula7\Aula7.csproj", "{D1E1847C-8584-4484-A525-8BB162AEE97C}"
EndProject
Project("{9A19103F-16F7-4668-BE54-9A1E7A4F7556}") = "Aula8", "Aula8\Aula8.csproj", "{C9EC9084-262B-4E6C-8675-4EAFDCDED9EF}"
EndProject
Project("{9A19103F-16F7-4668-BE54-9A1E7A4F7556}") = "Aula9", "Aula9\Aula9.csproj", "{671F3A8B-4E0E-4CE7-B0DA-FF3785686E6A}"
EndProject
Project("{9A19103F-16F7-4668-BE54-9A1E7A4F7556}") = "Aula10", "Aula10\Aula10.csproj", "{EC6DC435-3EC4-449A-9560-597945C307F1}"
EndProject
Project("{9A19103F-16F7-4668-BE54-9A1E7A4F7556}") = "Ex08", "Ex08\Ex08.csproj", "{42BD731E-48C2-4E26-A7A1-4FDB068191ED}"
EndProject
Project("{9A19103F-16F7-4668-BE54-9A1E7A4F7556}") = "Aula11", "Aula11\Aula11.csproj", "{5E3F700B-B0BA-4FBD-997B-B833E08D160B}"
EndProject
Project("{9A19103F-16F7-4668-BE54-9A1E7A4F7556}") = "Aula12", "Aula12\Aula12.csproj", "{72ADDE8F-2D1A-45F6-8047-42DB30A9B958}"
EndProject
Project("{9A19103F-16F7-4668-BE54-9A1E7A4F7556}") = "Aula13", "Aula13\Aula13.csproj", "{450385CA-0567-45A9-B67A-7E1A7291C846}"
EndProject
Project("{9A19103F-16F7-4668-BE54-9A1E7A4F7556}") = "Aula14", "Aula14\Aula14.csproj", "{CA3FD4F2-44A2-4DD1-BEA0-188A7D9FD7F0}"
EndProject
Project("{9A19103F-16F7-4668-BE54-9A1E7A4F7556}") = "Ex09", "Ex09\Ex09.csproj", "{3ABE164F-90E3-4969-BE6A-FEB922D66C29}"
EndProject
Project("{9A19103F-16F7-4668-BE54-9A1E7A4F7556}") = "Aula15", "Aula15\Aula15.csproj", "{1F6AF384-7FA1-4B79-9761-8E265FA1601E}"
EndProject
Project("{9A19103F-16F7-4668-BE54-9A1E7A4F7556}") = "Ex10", "Ex10\Ex10.csproj", "{A2187AD4-8B3A-4E06-8DD2-60560A15D9FE}"
EndProject
Project("{FAE04EC0-301F-11D3-BF4B-00C04F79EFBC}") = "Ex11", "Ex11\Ex11.csproj", "{D2521B98-70B9-4EDE-9929-32CA6FE5B1BC}"
EndProject
Global
	GlobalSection(SolutionConfigurationPlatforms) = preSolution
		Debug|Any CPU = Debug|Any CPU
		Release|Any CPU = Release|Any CPU
	EndGlobalSection
	GlobalSection(ProjectConfigurationPlatforms) = postSolution
		{34397878-E8A6-47E3-B699-A7A6F8B5713D}.Debug|Any CPU.ActiveCfg = Debug|Any CPU
		{34397878-E8A6-47E3-B699-A7A6F8B5713D}.Debug|Any CPU.Build.0 = Debug|Any CPU
		{34397878-E8A6-47E3-B699-A7A6F8B5713D}.Release|Any CPU.ActiveCfg = Release|Any CPU
		{34397878-E8A6-47E3-B699-A7A6F8B5713D}.Release|Any CPU.Build.0 = Release|Any CPU
		{45FD4A2B-2420-4616-AE24-8961029E9A3B}.Debug|Any CPU.ActiveCfg = Debug|Any CPU
		{45FD4A2B-2420-4616-AE24-8961029E9A3B}.Debug|Any CPU.Build.0 = Debug|Any CPU
		{45FD4A2B-2420-4616-AE24-8961029E9A3B}.Release|Any CPU.ActiveCfg = Release|Any CPU
		{45FD4A2B-2420-4616-AE24-8961029E9A3B}.Release|Any CPU.Build.0 = Release|Any CPU
		{1363B04B-D593-4F1F-B25F-556E7AFCBF37}.Debug|Any CPU.ActiveCfg = Debug|Any CPU
		{1363B04B-D593-4F1F-B25F-556E7AFCBF37}.Debug|Any CPU.Build.0 = Debug|Any CPU
		{1363B04B-D593-4F1F-B25F-556E7AFCBF37}.Release|Any CPU.ActiveCfg = Release|Any CPU
		{1363B04B-D593-4F1F-B25F-556E7AFCBF37}.Release|Any CPU.Build.0 = Release|Any CPU
		{AE2A6285-285D-4580-8977-4083ADA77AE0}.Debug|Any CPU.ActiveCfg = Debug|Any CPU
		{AE2A6285-285D-4580-8977-4083ADA77AE0}.Debug|Any CPU.Build.0 = Debug|Any CPU
		{AE2A6285-285D-4580-8977-4083ADA77AE0}.Release|Any CPU.ActiveCfg = Release|Any CPU
		{AE2A6285-285D-4580-8977-4083ADA77AE0}.Release|Any CPU.Build.0 = Release|Any CPU
		{CE2118CD-FD8E-4D64-A13C-312D85997BAB}.Debug|Any CPU.ActiveCfg = Debug|Any CPU
		{CE2118CD-FD8E-4D64-A13C-312D85997BAB}.Debug|Any CPU.Build.0 = Debug|Any CPU
		{CE2118CD-FD8E-4D64-A13C-312D85997BAB}.Release|Any CPU.ActiveCfg = Release|Any CPU
		{CE2118CD-FD8E-4D64-A13C-312D85997BAB}.Release|Any CPU.Build.0 = Release|Any CPU
		{7A74B879-FCA5-4A0D-9AEF-7BA5510AA3BC}.Debug|Any CPU.ActiveCfg = Debug|Any CPU
		{7A74B879-FCA5-4A0D-9AEF-7BA5510AA3BC}.Debug|Any CPU.Build.0 = Debug|Any CPU
		{7A74B879-FCA5-4A0D-9AEF-7BA5510AA3BC}.Release|Any CPU.ActiveCfg = Release|Any CPU
		{7A74B879-FCA5-4A0D-9AEF-7BA5510AA3BC}.Release|Any CPU.Build.0 = Release|Any CPU
		{9E823DDB-7989-41B5-B95C-C1F0EEC1AA1E}.Debug|Any CPU.ActiveCfg = Debug|Any CPU
		{9E823DDB-7989-41B5-B95C-C1F0EEC1AA1E}.Debug|Any CPU.Build.0 = Debug|Any CPU
		{9E823DDB-7989-41B5-B95C-C1F0EEC1AA1E}.Release|Any CPU.ActiveCfg = Release|Any CPU
		{9E823DDB-7989-41B5-B95C-C1F0EEC1AA1E}.Release|Any CPU.Build.0 = Release|Any CPU
		{BEDFCE8E-4D90-4845-B7D8-9FE3C6D09CE1}.Debug|Any CPU.ActiveCfg = Debug|Any CPU
		{BEDFCE8E-4D90-4845-B7D8-9FE3C6D09CE1}.Debug|Any CPU.Build.0 = Debug|Any CPU
		{BEDFCE8E-4D90-4845-B7D8-9FE3C6D09CE1}.Release|Any CPU.ActiveCfg = Release|Any CPU
		{BEDFCE8E-4D90-4845-B7D8-9FE3C6D09CE1}.Release|Any CPU.Build.0 = Release|Any CPU
		{7332ECC5-F37C-4DDA-969E-2914AD9664BE}.Debug|Any CPU.ActiveCfg = Debug|Any CPU
		{7332ECC5-F37C-4DDA-969E-2914AD9664BE}.Debug|Any CPU.Build.0 = Debug|Any CPU
		{7332ECC5-F37C-4DDA-969E-2914AD9664BE}.Release|Any CPU.ActiveCfg = Release|Any CPU
		{7332ECC5-F37C-4DDA-969E-2914AD9664BE}.Release|Any CPU.Build.0 = Release|Any CPU
		{12A64C2F-791D-46F2-92D7-998EFCD9475C}.Debug|Any CPU.ActiveCfg = Debug|Any CPU
		{12A64C2F-791D-46F2-92D7-998EFCD9475C}.Debug|Any CPU.Build.0 = Debug|Any CPU
		{12A64C2F-791D-46F2-92D7-998EFCD9475C}.Release|Any CPU.ActiveCfg = Release|Any CPU
		{12A64C2F-791D-46F2-92D7-998EFCD9475C}.Release|Any CPU.Build.0 = Release|Any CPU
		{282587AF-9D9C-46F4-BE37-9793ADB5AFF9}.Debug|Any CPU.ActiveCfg = Debug|Any CPU
		{282587AF-9D9C-46F4-BE37-9793ADB5AFF9}.Debug|Any CPU.Build.0 = Debug|Any CPU
		{282587AF-9D9C-46F4-BE37-9793ADB5AFF9}.Release|Any CPU.ActiveCfg = Release|Any CPU
		{282587AF-9D9C-46F4-BE37-9793ADB5AFF9}.Release|Any CPU.Build.0 = Release|Any CPU
		{63340240-9548-4A83-A1DF-4929EDD47B49}.Debug|Any CPU.ActiveCfg = Debug|Any CPU
		{63340240-9548-4A83-A1DF-4929EDD47B49}.Debug|Any CPU.Build.0 = Debug|Any CPU
		{63340240-9548-4A83-A1DF-4929EDD47B49}.Release|Any CPU.ActiveCfg = Release|Any CPU
		{63340240-9548-4A83-A1DF-4929EDD47B49}.Release|Any CPU.Build.0 = Release|Any CPU
		{194F489F-D182-410B-A62A-52914D5BACBA}.Debug|Any CPU.ActiveCfg = Debug|Any CPU
		{194F489F-D182-410B-A62A-52914D5BACBA}.Debug|Any CPU.Build.0 = Debug|Any CPU
		{194F489F-D182-410B-A62A-52914D5BACBA}.Release|Any CPU.ActiveCfg = Release|Any CPU
		{194F489F-D182-410B-A62A-52914D5BACBA}.Release|Any CPU.Build.0 = Release|Any CPU
		{D1E1847C-8584-4484-A525-8BB162AEE97C}.Debug|Any CPU.ActiveCfg = Debug|Any CPU
		{D1E1847C-8584-4484-A525-8BB162AEE97C}.Debug|Any CPU.Build.0 = Debug|Any CPU
		{D1E1847C-8584-4484-A525-8BB162AEE97C}.Release|Any CPU.ActiveCfg = Release|Any CPU
		{D1E1847C-8584-4484-A525-8BB162AEE97C}.Release|Any CPU.Build.0 = Release|Any CPU
		{C9EC9084-262B-4E6C-8675-4EAFDCDED9EF}.Debug|Any CPU.ActiveCfg = Debug|Any CPU
		{C9EC9084-262B-4E6C-8675-4EAFDCDED9EF}.Debug|Any CPU.Build.0 = Debug|Any CPU
		{C9EC9084-262B-4E6C-8675-4EAFDCDED9EF}.Release|Any CPU.ActiveCfg = Release|Any CPU
		{C9EC9084-262B-4E6C-8675-4EAFDCDED9EF}.Release|Any CPU.Build.0 = Release|Any CPU
		{671F3A8B-4E0E-4CE7-B0DA-FF3785686E6A}.Debug|Any CPU.ActiveCfg = Debug|Any CPU
		{671F3A8B-4E0E-4CE7-B0DA-FF3785686E6A}.Debug|Any CPU.Build.0 = Debug|Any CPU
		{671F3A8B-4E0E-4CE7-B0DA-FF3785686E6A}.Release|Any CPU.ActiveCfg = Release|Any CPU
		{671F3A8B-4E0E-4CE7-B0DA-FF3785686E6A}.Release|Any CPU.Build.0 = Release|Any CPU
		{EC6DC435-3EC4-449A-9560-597945C307F1}.Debug|Any CPU.ActiveCfg = Debug|Any CPU
		{EC6DC435-3EC4-449A-9560-597945C307F1}.Debug|Any CPU.Build.0 = Debug|Any CPU
		{EC6DC435-3EC4-449A-9560-597945C307F1}.Release|Any CPU.ActiveCfg = Release|Any CPU
		{EC6DC435-3EC4-449A-9560-597945C307F1}.Release|Any CPU.Build.0 = Release|Any CPU
		{42BD731E-48C2-4E26-A7A1-4FDB068191ED}.Debug|Any CPU.ActiveCfg = Debug|Any CPU
		{42BD731E-48C2-4E26-A7A1-4FDB068191ED}.Debug|Any CPU.Build.0 = Debug|Any CPU
		{42BD731E-48C2-4E26-A7A1-4FDB068191ED}.Release|Any CPU.ActiveCfg = Release|Any CPU
		{42BD731E-48C2-4E26-A7A1-4FDB068191ED}.Release|Any CPU.Build.0 = Release|Any CPU
		{5E3F700B-B0BA-4FBD-997B-B833E08D160B}.Debug|Any CPU.ActiveCfg = Debug|Any CPU
		{5E3F700B-B0BA-4FBD-997B-B833E08D160B}.Debug|Any CPU.Build.0 = Debug|Any CPU
		{5E3F700B-B0BA-4FBD-997B-B833E08D160B}.Release|Any CPU.ActiveCfg = Release|Any CPU
		{5E3F700B-B0BA-4FBD-997B-B833E08D160B}.Release|Any CPU.Build.0 = Release|Any CPU
		{72ADDE8F-2D1A-45F6-8047-42DB30A9B958}.Debug|Any CPU.ActiveCfg = Debug|Any CPU
		{72ADDE8F-2D1A-45F6-8047-42DB30A9B958}.Debug|Any CPU.Build.0 = Debug|Any CPU
		{72ADDE8F-2D1A-45F6-8047-42DB30A9B958}.Release|Any CPU.ActiveCfg = Release|Any CPU
		{72ADDE8F-2D1A-45F6-8047-42DB30A9B958}.Release|Any CPU.Build.0 = Release|Any CPU
		{450385CA-0567-45A9-B67A-7E1A7291C846}.Debug|Any CPU.ActiveCfg = Debug|Any CPU
		{450385CA-0567-45A9-B67A-7E1A7291C846}.Debug|Any CPU.Build.0 = Debug|Any CPU
		{450385CA-0567-45A9-B67A-7E1A7291C846}.Release|Any CPU.ActiveCfg = Release|Any CPU
		{450385CA-0567-45A9-B67A-7E1A7291C846}.Release|Any CPU.Build.0 = Release|Any CPU
		{CA3FD4F2-44A2-4DD1-BEA0-188A7D9FD7F0}.Debug|Any CPU.ActiveCfg = Debug|Any CPU
		{CA3FD4F2-44A2-4DD1-BEA0-188A7D9FD7F0}.Debug|Any CPU.Build.0 = Debug|Any CPU
		{CA3FD4F2-44A2-4DD1-BEA0-188A7D9FD7F0}.Release|Any CPU.ActiveCfg = Release|Any CPU
		{CA3FD4F2-44A2-4DD1-BEA0-188A7D9FD7F0}.Release|Any CPU.Build.0 = Release|Any CPU
		{3ABE164F-90E3-4969-BE6A-FEB922D66C29}.Debug|Any CPU.ActiveCfg = Debug|Any CPU
		{3ABE164F-90E3-4969-BE6A-FEB922D66C29}.Debug|Any CPU.Build.0 = Debug|Any CPU
		{3ABE164F-90E3-4969-BE6A-FEB922D66C29}.Release|Any CPU.ActiveCfg = Release|Any CPU
		{3ABE164F-90E3-4969-BE6A-FEB922D66C29}.Release|Any CPU.Build.0 = Release|Any CPU
		{1F6AF384-7FA1-4B79-9761-8E265FA1601E}.Debug|Any CPU.ActiveCfg = Debug|Any CPU
		{1F6AF384-7FA1-4B79-9761-8E265FA1601E}.Debug|Any CPU.Build.0 = Debug|Any CPU
		{1F6AF384-7FA1-4B79-9761-8E265FA1601E}.Release|Any CPU.ActiveCfg = Release|Any CPU
		{1F6AF384-7FA1-4B79-9761-8E265FA1601E}.Release|Any CPU.Build.0 = Release|Any CPU
		{A2187AD4-8B3A-4E06-8DD2-60560A15D9FE}.Debug|Any CPU.ActiveCfg = Debug|Any CPU
		{A2187AD4-8B3A-4E06-8DD2-60560A15D9FE}.Debug|Any CPU.Build.0 = Debug|Any CPU
		{A2187AD4-8B3A-4E06-8DD2-60560A15D9FE}.Release|Any CPU.ActiveCfg = Release|Any CPU
		{A2187AD4-8B3A-4E06-8DD2-60560A15D9FE}.Release|Any CPU.Build.0 = Release|Any CPU
		{D2521B98-70B9-4EDE-9929-32CA6FE5B1BC}.Debug|Any CPU.ActiveCfg = Debug|Any CPU
		{D2521B98-70B9-4EDE-9929-32CA6FE5B1BC}.Debug|Any CPU.Build.0 = Debug|Any CPU
		{D2521B98-70B9-4EDE-9929-32CA6FE5B1BC}.Release|Any CPU.ActiveCfg = Release|Any CPU
		{D2521B98-70B9-4EDE-9929-32CA6FE5B1BC}.Release|Any CPU.Build.0 = Release|Any CPU
	EndGlobalSection
	GlobalSection(SolutionProperties) = preSolution
		HideSolutionNode = FALSE
	EndGlobalSection
	GlobalSection(ExtensibilityGlobals) = postSolution
		SolutionGuid = {A7A80BD1-4E1C-42B3-800B-29E571CB5B31}
	EndGlobalSection
EndGlobal
